
Microsoft Visual Studio Solution File, Format Version 12.00
# Visual Studio 14
VisualStudioVersion = 14.0.25123.0
MinimumVisualStudioVersion = 10.0.40219.1
Project("{8BC9CEB8-8B4A-11D0-8D11-00A0C91BC942}") = "codegen", "codegen\codegen.vcxproj", "{41BB90D2-9670-4CE3-BA44-A742B09A3929}"
EndProject
Project("{8BC9CEB8-8B4A-11D0-8D11-00A0C91BC942}") = "app1", "app1\app1.vcxproj", "{9B9E26B9-CE7F-43FC-8DDF-1126BDC9D52F}"
EndProject
Project("{8BC9CEB8-8B4A-11D0-8D11-00A0C91BC942}") = "fbtests", "fbtests\fbtests.vcxproj", "{AFF63C21-4C13-45F7-B9CA-EDFBA0A7077E}"
EndProject
Project("{8BC9CEB8-8B4A-11D0-8D11-00A0C91BC942}") = "fb_utils", "fb_utils\fb_utils.vcxproj", "{691DA7CE-F682-480B-904B-1D6E18F5811D}"
EndProject
Global
	GlobalSection(SolutionConfigurationPlatforms) = preSolution
		Debug|x64 = Debug|x64
		Debug|x86 = Debug|x86
		Release|x64 = Release|x64
		Release|x86 = Release|x86
	EndGlobalSection
	GlobalSection(ProjectConfigurationPlatforms) = postSolution
		{41BB90D2-9670-4CE3-BA44-A742B09A3929}.Debug|x64.ActiveCfg = Debug|x64
		{41BB90D2-9670-4CE3-BA44-A742B09A3929}.Debug|x64.Build.0 = Debug|x64
		{41BB90D2-9670-4CE3-BA44-A742B09A3929}.Debug|x86.ActiveCfg = Debug|Win32
		{41BB90D2-9670-4CE3-BA44-A742B09A3929}.Debug|x86.Build.0 = Debug|Win32
		{41BB90D2-9670-4CE3-BA44-A742B09A3929}.Release|x64.ActiveCfg = Release|x64
		{41BB90D2-9670-4CE3-BA44-A742B09A3929}.Release|x64.Build.0 = Release|x64
		{41BB90D2-9670-4CE3-BA44-A742B09A3929}.Release|x86.ActiveCfg = Release|Win32
		{41BB90D2-9670-4CE3-BA44-A742B09A3929}.Release|x86.Build.0 = Release|Win32
		{9B9E26B9-CE7F-43FC-8DDF-1126BDC9D52F}.Debug|x64.ActiveCfg = Debug|x64
		{9B9E26B9-CE7F-43FC-8DDF-1126BDC9D52F}.Debug|x64.Build.0 = Debug|x64
		{9B9E26B9-CE7F-43FC-8DDF-1126BDC9D52F}.Debug|x86.ActiveCfg = Debug|Win32
		{9B9E26B9-CE7F-43FC-8DDF-1126BDC9D52F}.Debug|x86.Build.0 = Debug|Win32
		{9B9E26B9-CE7F-43FC-8DDF-1126BDC9D52F}.Release|x64.ActiveCfg = Release|x64
		{9B9E26B9-CE7F-43FC-8DDF-1126BDC9D52F}.Release|x64.Build.0 = Release|x64
		{9B9E26B9-CE7F-43FC-8DDF-1126BDC9D52F}.Release|x86.ActiveCfg = Release|Win32
		{9B9E26B9-CE7F-43FC-8DDF-1126BDC9D52F}.Release|x86.Build.0 = Release|Win32
		{AFF63C21-4C13-45F7-B9CA-EDFBA0A7077E}.Debug|x64.ActiveCfg = Debug|x64
		{AFF63C21-4C13-45F7-B9CA-EDFBA0A7077E}.Debug|x64.Build.0 = Debug|x64
		{AFF63C21-4C13-45F7-B9CA-EDFBA0A7077E}.Debug|x86.ActiveCfg = Debug|Win32
		{AFF63C21-4C13-45F7-B9CA-EDFBA0A7077E}.Debug|x86.Build.0 = Debug|Win32
		{AFF63C21-4C13-45F7-B9CA-EDFBA0A7077E}.Release|x64.ActiveCfg = Release|x64
		{AFF63C21-4C13-45F7-B9CA-EDFBA0A7077E}.Release|x64.Build.0 = Release|x64
		{AFF63C21-4C13-45F7-B9CA-EDFBA0A7077E}.Release|x86.ActiveCfg = Release|Win32
		{AFF63C21-4C13-45F7-B9CA-EDFBA0A7077E}.Release|x86.Build.0 = Release|Win32
		{691DA7CE-F682-480B-904B-1D6E18F5811D}.Debug|x64.ActiveCfg = Debug|x64
		{691DA7CE-F682-480B-904B-1D6E18F5811D}.Debug|x64.Build.0 = Debug|x64
		{691DA7CE-F682-480B-904B-1D6E18F5811D}.Debug|x86.ActiveCfg = Debug|Win32
		{691DA7CE-F682-480B-904B-1D6E18F5811D}.Debug|x86.Build.0 = Debug|Win32
		{691DA7CE-F682-480B-904B-1D6E18F5811D}.Release|x64.ActiveCfg = Release|x64
		{691DA7CE-F682-480B-904B-1D6E18F5811D}.Release|x64.Build.0 = Release|x64
		{691DA7CE-F682-480B-904B-1D6E18F5811D}.Release|x86.ActiveCfg = Release|Win32
		{691DA7CE-F682-480B-904B-1D6E18F5811D}.Release|x86.Build.0 = Release|Win32
	EndGlobalSection
	GlobalSection(SolutionProperties) = preSolution
		HideSolutionNode = FALSE
	EndGlobalSection
EndGlobal
