
Microsoft Visual Studio Solution File, Format Version 12.00
# Visual Studio 14
VisualStudioVersion = 14.0.25123.0
MinimumVisualStudioVersion = 10.0.40219.1
Project("{8BC9CEB8-8B4A-11D0-8D11-00A0C91BC942}") = "app1", "app1\app1.vcxproj", "{9B9E26B9-CE7F-43FC-8DDF-1126BDC9D52F}"
EndProject
Project("{8BC9CEB8-8B4A-11D0-8D11-00A0C91BC942}") = "my_types", "my_types\my_types.vcxproj", "{26EEEC00-980E-4ABC-A02D-0F5A1789A192}"
EndProject
Project("{8BC9CEB8-8B4A-11D0-8D11-00A0C91BC942}") = "fb_helpers", "fb_helpers\fb_helpers.vcxproj", "{CE699629-829C-4B4F-AF90-A74EBE2719BA}"
EndProject
Global
	GlobalSection(SolutionConfigurationPlatforms) = preSolution
		Debug|x64 = Debug|x64
		Debug|x86 = Debug|x86
		Release|x64 = Release|x64
		Release|x86 = Release|x86
	EndGlobalSection
	GlobalSection(ProjectConfigurationPlatforms) = postSolution
		{9B9E26B9-CE7F-43FC-8DDF-1126BDC9D52F}.Debug|x64.ActiveCfg = Debug|x64
		{9B9E26B9-CE7F-43FC-8DDF-1126BDC9D52F}.Debug|x64.Build.0 = Debug|x64
		{9B9E26B9-CE7F-43FC-8DDF-1126BDC9D52F}.Debug|x86.ActiveCfg = Debug|Win32
		{9B9E26B9-CE7F-43FC-8DDF-1126BDC9D52F}.Debug|x86.Build.0 = Debug|Win32
		{9B9E26B9-CE7F-43FC-8DDF-1126BDC9D52F}.Release|x64.ActiveCfg = Release|x64
		{9B9E26B9-CE7F-43FC-8DDF-1126BDC9D52F}.Release|x64.Build.0 = Release|x64
		{9B9E26B9-CE7F-43FC-8DDF-1126BDC9D52F}.Release|x86.ActiveCfg = Release|Win32
		{9B9E26B9-CE7F-43FC-8DDF-1126BDC9D52F}.Release|x86.Build.0 = Release|Win32
		{26EEEC00-980E-4ABC-A02D-0F5A1789A192}.Debug|x64.ActiveCfg = Debug|x64
		{26EEEC00-980E-4ABC-A02D-0F5A1789A192}.Debug|x64.Build.0 = Debug|x64
		{26EEEC00-980E-4ABC-A02D-0F5A1789A192}.Debug|x86.ActiveCfg = Debug|Win32
		{26EEEC00-980E-4ABC-A02D-0F5A1789A192}.Debug|x86.Build.0 = Debug|Win32
		{26EEEC00-980E-4ABC-A02D-0F5A1789A192}.Release|x64.ActiveCfg = Release|x64
		{26EEEC00-980E-4ABC-A02D-0F5A1789A192}.Release|x64.Build.0 = Release|x64
		{26EEEC00-980E-4ABC-A02D-0F5A1789A192}.Release|x86.ActiveCfg = Release|Win32
		{26EEEC00-980E-4ABC-A02D-0F5A1789A192}.Release|x86.Build.0 = Release|Win32
		{CE699629-829C-4B4F-AF90-A74EBE2719BA}.Debug|x64.ActiveCfg = Debug|x64
		{CE699629-829C-4B4F-AF90-A74EBE2719BA}.Debug|x64.Build.0 = Debug|x64
		{CE699629-829C-4B4F-AF90-A74EBE2719BA}.Debug|x86.ActiveCfg = Debug|Win32
		{CE699629-829C-4B4F-AF90-A74EBE2719BA}.Debug|x86.Build.0 = Debug|Win32
		{CE699629-829C-4B4F-AF90-A74EBE2719BA}.Release|x64.ActiveCfg = Release|x64
		{CE699629-829C-4B4F-AF90-A74EBE2719BA}.Release|x64.Build.0 = Release|x64
		{CE699629-829C-4B4F-AF90-A74EBE2719BA}.Release|x86.ActiveCfg = Release|Win32
		{CE699629-829C-4B4F-AF90-A74EBE2719BA}.Release|x86.Build.0 = Release|Win32
	EndGlobalSection
	GlobalSection(SolutionProperties) = preSolution
		HideSolutionNode = FALSE
	EndGlobalSection
EndGlobal
